// !$*UTF8*$!
{
	archiveVersion = 1;
	classes = {
	};
	objectVersion = 46;
	objects = {

/* Begin PBXBuildFile section */
		183E9C151F0EBEBB0044F830 /* AppDelegate.swift in Sources */ = {isa = PBXBuildFile; fileRef = 183E9C141F0EBEBB0044F830 /* AppDelegate.swift */; };
		183E9C1A1F0EBEBB0044F830 /* Main.storyboard in Resources */ = {isa = PBXBuildFile; fileRef = 183E9C181F0EBEBB0044F830 /* Main.storyboard */; };
		183E9C1C1F0EBEBB0044F830 /* Assets.xcassets in Resources */ = {isa = PBXBuildFile; fileRef = 183E9C1B1F0EBEBB0044F830 /* Assets.xcassets */; };
		183E9C1F1F0EBEBB0044F830 /* LaunchScreen.storyboard in Resources */ = {isa = PBXBuildFile; fileRef = 183E9C1D1F0EBEBB0044F830 /* LaunchScreen.storyboard */; };
		183E9C271F0EC0E30044F830 /* drugModel.swift in Sources */ = {isa = PBXBuildFile; fileRef = 183E9C261F0EC0E30044F830 /* drugModel.swift */; };
		183E9C2D1F0ECCB60044F830 /* drugViewController.swift in Sources */ = {isa = PBXBuildFile; fileRef = 183E9C2C1F0ECCB60044F830 /* drugViewController.swift */; };
		183E9C2F1F1531D10044F830 /* drugAppData.csv in Resources */ = {isa = PBXBuildFile; fileRef = 183E9C2E1F1531D10044F830 /* drugAppData.csv */; };
/* End PBXBuildFile section */

/* Begin PBXFileReference section */
		183E9C111F0EBEBB0044F830 /* drugapp.app */ = {isa = PBXFileReference; explicitFileType = wrapper.application; includeInIndex = 0; path = drugapp.app; sourceTree = BUILT_PRODUCTS_DIR; };
		183E9C141F0EBEBB0044F830 /* AppDelegate.swift */ = {isa = PBXFileReference; lastKnownFileType = sourcecode.swift; path = AppDelegate.swift; sourceTree = "<group>"; };
		183E9C191F0EBEBB0044F830 /* Base */ = {isa = PBXFileReference; lastKnownFileType = file.storyboard; name = Base; path = Base.lproj/Main.storyboard; sourceTree = "<group>"; };
		183E9C1B1F0EBEBB0044F830 /* Assets.xcassets */ = {isa = PBXFileReference; lastKnownFileType = folder.assetcatalog; path = Assets.xcassets; sourceTree = "<group>"; };
		183E9C1E1F0EBEBB0044F830 /* Base */ = {isa = PBXFileReference; lastKnownFileType = file.storyboard; name = Base; path = Base.lproj/LaunchScreen.storyboard; sourceTree = "<group>"; };
		183E9C201F0EBEBB0044F830 /* Info.plist */ = {isa = PBXFileReference; lastKnownFileType = text.plist.xml; path = Info.plist; sourceTree = "<group>"; };
		183E9C261F0EC0E30044F830 /* drugModel.swift */ = {isa = PBXFileReference; fileEncoding = 4; lastKnownFileType = sourcecode.swift; path = drugModel.swift; sourceTree = "<group>"; };
		183E9C2C1F0ECCB60044F830 /* drugViewController.swift */ = {isa = PBXFileReference; fileEncoding = 4; lastKnownFileType = sourcecode.swift; path = drugViewController.swift; sourceTree = "<group>"; };
		183E9C2E1F1531D10044F830 /* drugAppData.csv */ = {isa = PBXFileReference; lastKnownFileType = file; path = drugAppData.csv; sourceTree = "<group>"; };
/* End PBXFileReference section */

/* Begin PBXFrameworksBuildPhase section */
		183E9C0E1F0EBEBB0044F830 /* Frameworks */ = {
			isa = PBXFrameworksBuildPhase;
			buildActionMask = 2147483647;
			files = (
			);
			runOnlyForDeploymentPostprocessing = 0;
		};
/* End PBXFrameworksBuildPhase section */

/* Begin PBXGroup section */
		183E9C081F0EBEBB0044F830 = {
			isa = PBXGroup;
			children = (
				183E9C131F0EBEBB0044F830 /* drugapp */,
				183E9C121F0EBEBB0044F830 /* Products */,
			);
			sourceTree = "<group>";
		};
		183E9C121F0EBEBB0044F830 /* Products */ = {
			isa = PBXGroup;
			children = (
				183E9C111F0EBEBB0044F830 /* drugapp.app */,
			);
			name = Products;
			sourceTree = "<group>";
		};
		183E9C131F0EBEBB0044F830 /* drugapp */ = {
			isa = PBXGroup;
			children = (
				183E9C261F0EC0E30044F830 /* drugModel.swift */,
				183E9C2C1F0ECCB60044F830 /* drugViewController.swift */,
				183E9C141F0EBEBB0044F830 /* AppDelegate.swift */,
				183E9C2E1F1531D10044F830 /* drugAppData.csv */,
				183E9C181F0EBEBB0044F830 /* Main.storyboard */,
				183E9C1B1F0EBEBB0044F830 /* Assets.xcassets */,
				183E9C1D1F0EBEBB0044F830 /* LaunchScreen.storyboard */,
				183E9C201F0EBEBB0044F830 /* Info.plist */,
			);
			path = drugapp;
			sourceTree = "<group>";
		};
/* End PBXGroup section */

/* Begin PBXNativeTarget section */
		183E9C101F0EBEBB0044F830 /* drugapp */ = {
			isa = PBXNativeTarget;
			buildConfigurationList = 183E9C231F0EBEBB0044F830 /* Build configuration list for PBXNativeTarget "drugapp" */;
			buildPhases = (
				183E9C0D1F0EBEBB0044F830 /* Sources */,
				183E9C0E1F0EBEBB0044F830 /* Frameworks */,
				183E9C0F1F0EBEBB0044F830 /* Resources */,
			);
			buildRules = (
			);
			dependencies = (
			);
			name = drugapp;
			productName = drugapp;
			productReference = 183E9C111F0EBEBB0044F830 /* drugapp.app */;
			productType = "com.apple.product-type.application";
		};
/* End PBXNativeTarget section */

/* Begin PBXProject section */
		183E9C091F0EBEBB0044F830 /* Project object */ = {
			isa = PBXProject;
			attributes = {
				LastSwiftUpdateCheck = 0830;
				LastUpgradeCheck = 0830;
				ORGANIZATIONNAME = "Annie Yin";
				TargetAttributes = {
					183E9C101F0EBEBB0044F830 = {
						CreatedOnToolsVersion = 8.3.3;
						DevelopmentTeam = 5ACDENTMJS;
						ProvisioningStyle = Automatic;
					};
				};
			};
			buildConfigurationList = 183E9C0C1F0EBEBB0044F830 /* Build configuration list for PBXProject "drugapp" */;
			compatibilityVersion = "Xcode 3.2";
			developmentRegion = English;
			hasScannedForEncodings = 0;
			knownRegions = (
				en,
				Base,
			);
			mainGroup = 183E9C081F0EBEBB0044F830;
			productRefGroup = 183E9C121F0EBEBB0044F830 /* Products */;
			projectDirPath = "";
			projectRoot = "";
			targets = (
				183E9C101F0EBEBB0044F830 /* drugapp */,
			);
		};
/* End PBXProject section */

/* Begin PBXResourcesBuildPhase section */
		183E9C0F1F0EBEBB0044F830 /* Resources */ = {
			isa = PBXResourcesBuildPhase;
			buildActionMask = 2147483647;
			files = (
				183E9C1F1F0EBEBB0044F830 /* LaunchScreen.storyboard in Resources */,
				183E9C1C1F0EBEBB0044F830 /* Assets.xcassets in Resources */,
				183E9C2F1F1531D10044F830 /* drugAppData.csv in Resources */,
				183E9C1A1F0EBEBB0044F830 /* Main.storyboard in Resources */,
			);
			runOnlyForDeploymentPostprocessing = 0;
		};
/* End PBXResourcesBuildPhase section */

/* Begin PBXSourcesBuildPhase section */
		183E9C0D1F0EBEBB0044F830 /* Sources */ = {
			isa = PBXSourcesBuildPhase;
			buildActionMask = 2147483647;
			files = (
				183E9C151F0EBEBB0044F830 /* AppDelegate.swift in Sources */,
				183E9C2D1F0ECCB60044F830 /* drugViewController.swift in Sources */,
				183E9C271F0EC0E30044F830 /* drugModel.swift in Sources */,
			);
			runOnlyForDeploymentPostprocessing = 0;
		};
/* End PBXSourcesBuildPhase section */

/* Begin PBXVariantGroup section */
		183E9C181F0EBEBB0044F830 /* Main.storyboard */ = {
			isa = PBXVariantGroup;
			children = (
				183E9C191F0EBEBB0044F830 /* Base */,
			);
			name = Main.storyboard;
			sourceTree = "<group>";
		};
		183E9C1D1F0EBEBB0044F830 /* LaunchScreen.storyboard */ = {
			isa = PBXVariantGroup;
			children = (
				183E9C1E1F0EBEBB0044F830 /* Base */,
			);
			name = LaunchScreen.storyboard;
			sourceTree = "<group>";
		};
/* End PBXVariantGroup section */

/* Begin XCBuildConfiguration section */
		183E9C211F0EBEBB0044F830 /* Debug */ = {
			isa = XCBuildConfiguration;
			buildSettings = {
				ALWAYS_SEARCH_USER_PATHS = NO;
				CLANG_ANALYZER_NONNULL = YES;
				CLANG_ANALYZER_NUMBER_OBJECT_CONVERSION = YES_AGGRESSIVE;
				CLANG_CXX_LANGUAGE_STANDARD = "gnu++0x";
				CLANG_CXX_LIBRARY = "libc++";
				CLANG_ENABLE_MODULES = YES;
				CLANG_ENABLE_OBJC_ARC = YES;
				CLANG_WARN_BOOL_CONVERSION = YES;
				CLANG_WARN_CONSTANT_CONVERSION = YES;
				CLANG_WARN_DIRECT_OBJC_ISA_USAGE = YES_ERROR;
				CLANG_WARN_DOCUMENTATION_COMMENTS = YES;
				CLANG_WARN_EMPTY_BODY = YES;
				CLANG_WARN_ENUM_CONVERSION = YES;
				CLANG_WARN_INFINITE_RECURSION = YES;
				CLANG_WARN_INT_CONVERSION = YES;
				CLANG_WARN_OBJC_ROOT_CLASS = YES_ERROR;
				CLANG_WARN_SUSPICIOUS_MOVE = YES;
				CLANG_WARN_UNREACHABLE_CODE = YES;
				CLANG_WARN__DUPLICATE_METHOD_MATCH = YES;
				"CODE_SIGN_IDENTITY[sdk=iphoneos*]" = "iPhone Developer";
				COPY_PHASE_STRIP = NO;
				DEBUG_INFORMATION_FORMAT = dwarf;
				ENABLE_STRICT_OBJC_MSGSEND = YES;
				ENABLE_TESTABILITY = YES;
				GCC_C_LANGUAGE_STANDARD = gnu99;
				GCC_DYNAMIC_NO_PIC = NO;
				GCC_NO_COMMON_BLOCKS = YES;
				GCC_OPTIMIZATION_LEVEL = 0;
				GCC_PREPROCESSOR_DEFINITIONS = (
					"DEBUG=1",
					"$(inherited)",
				);
				GCC_WARN_64_TO_32_BIT_CONVERSION = YES;
				GCC_WARN_ABOUT_RETURN_TYPE = YES_ERROR;
				GCC_WARN_UNDECLARED_SELECTOR = YES;
				GCC_WARN_UNINITIALIZED_AUTOS = YES_AGGRESSIVE;
				GCC_WARN_UNUSED_FUNCTION = YES;
				GCC_WARN_UNUSED_VARIABLE = YES;
				IPHONEOS_DEPLOYMENT_TARGET = 10.3;
				MTL_ENABLE_DEBUG_INFO = YES;
				ONLY_ACTIVE_ARCH = YES;
				SDKROOT = iphoneos;
				SWIFT_ACTIVE_COMPILATION_CONDITIONS = DEBUG;
				SWIFT_OPTIMIZATION_LEVEL = "-Onone";
				TARGETED_DEVICE_FAMILY = "1,2";
			};
			name = Debug;
		};
		183E9C221F0EBEBB0044F830 /* Release */ = {
			isa = XCBuildConfiguration;
			buildSettings = {
				ALWAYS_SEARCH_USER_PATHS = NO;
				CLANG_ANALYZER_NONNULL = YES;
				CLANG_ANALYZER_NUMBER_OBJECT_CONVERSION = YES_AGGRESSIVE;
				CLANG_CXX_LANGUAGE_STANDARD = "gnu++0x";
				CLANG_CXX_LIBRARY = "libc++";
				CLANG_ENABLE_MODULES = YES;
				CLANG_ENABLE_OBJC_ARC = YES;
				CLANG_WARN_BOOL_CONVERSION = YES;
				CLANG_WARN_CONSTANT_CONVERSION = YES;
				CLANG_WARN_DIRECT_OBJC_ISA_USAGE = YES_ERROR;
				CLANG_WARN_DOCUMENTATION_COMMENTS = YES;
				CLANG_WARN_EMPTY_BODY = YES;
				CLANG_WARN_ENUM_CONVERSION = YES;
				CLANG_WARN_INFINITE_RECURSION = YES;
				CLANG_WARN_INT_CONVERSION = YES;
				CLANG_WARN_OBJC_ROOT_CLASS = YES_ERROR;
				CLANG_WARN_SUSPICIOUS_MOVE = YES;
				CLANG_WARN_UNREACHABLE_CODE = YES;
				CLANG_WARN__DUPLICATE_METHOD_MATCH = YES;
				"CODE_SIGN_IDENTITY[sdk=iphoneos*]" = "iPhone Developer";
				COPY_PHASE_STRIP = NO;
				DEBUG_INFORMATION_FORMAT = "dwarf-with-dsym";
				ENABLE_NS_ASSERTIONS = NO;
				ENABLE_STRICT_OBJC_MSGSEND = YES;
				GCC_C_LANGUAGE_STANDARD = gnu99;
				GCC_NO_COMMON_BLOCKS = YES;
				GCC_WARN_64_TO_32_BIT_CONVERSION = YES;
				GCC_WARN_ABOUT_RETURN_TYPE = YES_ERROR;
				GCC_WARN_UNDECLARED_SELECTOR = YES;
				GCC_WARN_UNINITIALIZED_AUTOS = YES_AGGRESSIVE;
				GCC_WARN_UNUSED_FUNCTION = YES;
				GCC_WARN_UNUSED_VARIABLE = YES;
				IPHONEOS_DEPLOYMENT_TARGET = 10.3;
				MTL_ENABLE_DEBUG_INFO = NO;
				SDKROOT = iphoneos;
				SWIFT_OPTIMIZATION_LEVEL = "-Owholemodule";
				TARGETED_DEVICE_FAMILY = "1,2";
				VALIDATE_PRODUCT = YES;
			};
			name = Release;
		};
		183E9C241F0EBEBB0044F830 /* Debug */ = {
			isa = XCBuildConfiguration;
			buildSettings = {
				ASSETCATALOG_COMPILER_APPICON_NAME = AppIcon;
				DEVELOPMENT_TEAM = 5ACDENTMJS;
				INFOPLIST_FILE = drugapp/Info.plist;
				LD_RUNPATH_SEARCH_PATHS = "$(inherited) @executable_path/Frameworks";
				PRODUCT_BUNDLE_IDENTIFIER = com.gmail.ayin9807.drugapp;
				PRODUCT_NAME = "$(TARGET_NAME)";
				SWIFT_VERSION = 3.0;
			};
			name = Debug;
		};
		183E9C251F0EBEBB0044F830 /* Release */ = {
			isa = XCBuildConfiguration;
			buildSettings = {
				ASSETCATALOG_COMPILER_APPICON_NAME = AppIcon;
				DEVELOPMENT_TEAM = 5ACDENTMJS;
				INFOPLIST_FILE = drugapp/Info.plist;
				LD_RUNPATH_SEARCH_PATHS = "$(inherited) @executable_path/Frameworks";
				PRODUCT_BUNDLE_IDENTIFIER = com.gmail.ayin9807.drugapp;
				PRODUCT_NAME = "$(TARGET_NAME)";
				SWIFT_VERSION = 3.0;
			};
			name = Release;
		};
/* End XCBuildConfiguration section */

/* Begin XCConfigurationList section */
		183E9C0C1F0EBEBB0044F830 /* Build configuration list for PBXProject "drugapp" */ = {
			isa = XCConfigurationList;
			buildConfigurations = (
				183E9C211F0EBEBB0044F830 /* Debug */,
				183E9C221F0EBEBB0044F830 /* Release */,
			);
			defaultConfigurationIsVisible = 0;
			defaultConfigurationName = Release;
		};
		183E9C231F0EBEBB0044F830 /* Build configuration list for PBXNativeTarget "drugapp" */ = {
			isa = XCConfigurationList;
			buildConfigurations = (
				183E9C241F0EBEBB0044F830 /* Debug */,
				183E9C251F0EBEBB0044F830 /* Release */,
			);
			defaultConfigurationIsVisible = 0;
			defaultConfigurationName = Release;
		};
/* End XCConfigurationList section */
	};
	rootObject = 183E9C091F0EBEBB0044F830 /* Project object */;
}
